// !$*UTF8*$!
{
	archiveVersion = 1;
	classes = {
	};
	objectVersion = 48;
	objects = {

/* Begin PBXBuildFile section */
		2438392C1F80890300621D85 /* GitHubAPI.swift in Sources */ = {isa = PBXBuildFile; fileRef = 2438392B1F80890300621D85 /* GitHubAPI.swift */; };
		2438392E1F808A8F00621D85 /* GitHubClientTest.swift in Sources */ = {isa = PBXBuildFile; fileRef = 2438392D1F808A8F00621D85 /* GitHubClientTest.swift */; };
		243839301F80C62E00621D85 /* FollowingsGistsTableTableViewController.swift in Sources */ = {isa = PBXBuildFile; fileRef = 2438392F1F80C62E00621D85 /* FollowingsGistsTableTableViewController.swift */; };
		247AF70D1F80DB4B009A401C /* FileProviderExtension.swift in Sources */ = {isa = PBXBuildFile; fileRef = 247AF70C1F80DB4B009A401C /* FileProviderExtension.swift */; };
		247AF70F1F80DB4B009A401C /* FileProviderItem.swift in Sources */ = {isa = PBXBuildFile; fileRef = 247AF70E1F80DB4B009A401C /* FileProviderItem.swift */; };
		247AF7111F80DB4B009A401C /* FileProviderEnumerator.swift in Sources */ = {isa = PBXBuildFile; fileRef = 247AF7101F80DB4B009A401C /* FileProviderEnumerator.swift */; };
		247AF71B1F80DB4C009A401C /* DocumentActionViewController.swift in Sources */ = {isa = PBXBuildFile; fileRef = 247AF71A1F80DB4C009A401C /* DocumentActionViewController.swift */; };
		247AF71E1F80DB4C009A401C /* MainInterface.storyboard in Resources */ = {isa = PBXBuildFile; fileRef = 247AF71C1F80DB4C009A401C /* MainInterface.storyboard */; };
		247AF7231F80DB4C009A401C /* GistFileExtensionUI.appex in Embed App Extensions */ = {isa = PBXBuildFile; fileRef = 247AF7181F80DB4C009A401C /* GistFileExtensionUI.appex */; settings = {ATTRIBUTES = (RemoveHeadersOnCopy, ); }; };
		247AF7261F80DB4C009A401C /* GistFileExtension.appex in Embed App Extensions */ = {isa = PBXBuildFile; fileRef = 247AF70A1F80DB4B009A401C /* GistFileExtension.appex */; settings = {ATTRIBUTES = (RemoveHeadersOnCopy, ); }; };
		247AF72D1F80DFF5009A401C /* GistItem.swift in Sources */ = {isa = PBXBuildFile; fileRef = 24A0C1991F7F6FD7005F0FEC /* GistItem.swift */; };
		247AF72E1F80E015009A401C /* User.swift in Sources */ = {isa = PBXBuildFile; fileRef = 24A0C1891F7F6DA3005F0FEC /* User.swift */; };
		247AF72F1F80E015009A401C /* GistFile.swift in Sources */ = {isa = PBXBuildFile; fileRef = 24A0C19B1F7F7081005F0FEC /* GistFile.swift */; };
		247AF7301F80E015009A401C /* GitHubAPIError.swift in Sources */ = {isa = PBXBuildFile; fileRef = 24A0C1951F7F6E34005F0FEC /* GitHubAPIError.swift */; };
		247AF7311F80E015009A401C /* GitHubClientError.swift in Sources */ = {isa = PBXBuildFile; fileRef = 24A0C1801F7F6D21005F0FEC /* GitHubClientError.swift */; };
		247AF7321F80E015009A401C /* GitHubRequest.swift in Sources */ = {isa = PBXBuildFile; fileRef = 24A0C17E1F7F6D00005F0FEC /* GitHubRequest.swift */; };
		247AF7331F80E015009A401C /* GitHubClient.swift in Sources */ = {isa = PBXBuildFile; fileRef = 24A0C17C1F7F6CEA005F0FEC /* GitHubClient.swift */; };
		247AF7341F80E015009A401C /* GitHubAPI.swift in Sources */ = {isa = PBXBuildFile; fileRef = 2438392B1F80890300621D85 /* GitHubAPI.swift */; };
		247AF7351F80E02B009A401C /* Result.swift in Sources */ = {isa = PBXBuildFile; fileRef = 24A0C17F1F7F6D0D005F0FEC /* Result.swift */; };
		247AF7361F80E02B009A401C /* HTTPMethod.swift in Sources */ = {isa = PBXBuildFile; fileRef = 24A0C17D1F7F6CF8005F0FEC /* HTTPMethod.swift */; };
		247AF7371F80E046009A401C /* JSONDecodeError.swift in Sources */ = {isa = PBXBuildFile; fileRef = 24A0C1831F7F6D64005F0FEC /* JSONDecodeError.swift */; };
		247AF7381F80E046009A401C /* JSON.swift in Sources */ = {isa = PBXBuildFile; fileRef = 24A0C1CA1F7F7CC0005F0FEC /* JSON.swift */; };
		247AF73B1F825057009A401C /* GistItemCell.xib in Resources */ = {isa = PBXBuildFile; fileRef = 247AF73A1F825057009A401C /* GistItemCell.xib */; };
		247AF73D1F825189009A401C /* GistItemTableViewCell.swift in Sources */ = {isa = PBXBuildFile; fileRef = 247AF73C1F825189009A401C /* GistItemTableViewCell.swift */; };
		247AF7441F82705C009A401C /* Nuke.framework in Frameworks */ = {isa = PBXBuildFile; fileRef = 247AF7431F82705C009A401C /* Nuke.framework */; };
		247AF7471F8271F9009A401C /* Nuke.framework in Frameworks */ = {isa = PBXBuildFile; fileRef = 247AF7431F82705C009A401C /* Nuke.framework */; };
		247AF7491F827997009A401C /* DateFormatter.extension.swift in Sources */ = {isa = PBXBuildFile; fileRef = 247AF7481F827997009A401C /* DateFormatter.extension.swift */; };
		247AF74A1F8279CF009A401C /* DateFormatter.extension.swift in Sources */ = {isa = PBXBuildFile; fileRef = 247AF7481F827997009A401C /* DateFormatter.extension.swift */; };
		247AF74E1F83B8A9009A401C /* AccountViewController.swift in Sources */ = {isa = PBXBuildFile; fileRef = 247AF74D1F83B8A9009A401C /* AccountViewController.swift */; };
		247AF7501F83D1D4009A401C /* Log.swift in Sources */ = {isa = PBXBuildFile; fileRef = 247AF74F1F83D1D4009A401C /* Log.swift */; };
		24A0C1091F7F640F005F0FEC /* AppDelegate.swift in Sources */ = {isa = PBXBuildFile; fileRef = 24A0C1081F7F640F005F0FEC /* AppDelegate.swift */; };
		24A0C10B1F7F640F005F0FEC /* FirstViewController.swift in Sources */ = {isa = PBXBuildFile; fileRef = 24A0C10A1F7F640F005F0FEC /* FirstViewController.swift */; };
		24A0C10D1F7F640F005F0FEC /* SecondViewController.swift in Sources */ = {isa = PBXBuildFile; fileRef = 24A0C10C1F7F640F005F0FEC /* SecondViewController.swift */; };
		24A0C1101F7F640F005F0FEC /* Main.storyboard in Resources */ = {isa = PBXBuildFile; fileRef = 24A0C10E1F7F640F005F0FEC /* Main.storyboard */; };
		24A0C1121F7F640F005F0FEC /* Assets.xcassets in Resources */ = {isa = PBXBuildFile; fileRef = 24A0C1111F7F640F005F0FEC /* Assets.xcassets */; };
		24A0C1151F7F640F005F0FEC /* LaunchScreen.storyboard in Resources */ = {isa = PBXBuildFile; fileRef = 24A0C1131F7F640F005F0FEC /* LaunchScreen.storyboard */; };
		24A0C1201F7F640F005F0FEC /* GistanTests.swift in Sources */ = {isa = PBXBuildFile; fileRef = 24A0C11F1F7F640F005F0FEC /* GistanTests.swift */; };
		24A0C12B1F7F640F005F0FEC /* GistanUITests.swift in Sources */ = {isa = PBXBuildFile; fileRef = 24A0C12A1F7F640F005F0FEC /* GistanUITests.swift */; };
		24A0C13A1F7F66C8005F0FEC /* MyGistsTableViewController.swift in Sources */ = {isa = PBXBuildFile; fileRef = 24A0C1391F7F66C8005F0FEC /* MyGistsTableViewController.swift */; };
		24A0C1781F7F6A65005F0FEC /* TabBarController.swift in Sources */ = {isa = PBXBuildFile; fileRef = 24A0C1771F7F6A65005F0FEC /* TabBarController.swift */; };
		24A0C18B1F7F6DF5005F0FEC /* JSONDecodeError.swift in Sources */ = {isa = PBXBuildFile; fileRef = 24A0C1831F7F6D64005F0FEC /* JSONDecodeError.swift */; };
		24A0C18C1F7F6DF9005F0FEC /* Result.swift in Sources */ = {isa = PBXBuildFile; fileRef = 24A0C17F1F7F6D0D005F0FEC /* Result.swift */; };
		24A0C18D1F7F6DFB005F0FEC /* HTTPMethod.swift in Sources */ = {isa = PBXBuildFile; fileRef = 24A0C17D1F7F6CF8005F0FEC /* HTTPMethod.swift */; };
		24A0C1901F7F6E02005F0FEC /* User.swift in Sources */ = {isa = PBXBuildFile; fileRef = 24A0C1891F7F6DA3005F0FEC /* User.swift */; };
		24A0C1911F7F6E04005F0FEC /* GitHubClientError.swift in Sources */ = {isa = PBXBuildFile; fileRef = 24A0C1801F7F6D21005F0FEC /* GitHubClientError.swift */; };
		24A0C1921F7F6E0B005F0FEC /* GitHubRequest.swift in Sources */ = {isa = PBXBuildFile; fileRef = 24A0C17E1F7F6D00005F0FEC /* GitHubRequest.swift */; };
		24A0C1931F7F6E0B005F0FEC /* GitHubClient.swift in Sources */ = {isa = PBXBuildFile; fileRef = 24A0C17C1F7F6CEA005F0FEC /* GitHubClient.swift */; };
		24A0C1961F7F6E34005F0FEC /* GitHubAPIError.swift in Sources */ = {isa = PBXBuildFile; fileRef = 24A0C1951F7F6E34005F0FEC /* GitHubAPIError.swift */; };
		24A0C19A1F7F6FD7005F0FEC /* GistItem.swift in Sources */ = {isa = PBXBuildFile; fileRef = 24A0C1991F7F6FD7005F0FEC /* GistItem.swift */; };
		24A0C19C1F7F7081005F0FEC /* GistFile.swift in Sources */ = {isa = PBXBuildFile; fileRef = 24A0C19B1F7F7081005F0FEC /* GistFile.swift */; };
		24A0C1CB1F7F7CC0005F0FEC /* JSON.swift in Sources */ = {isa = PBXBuildFile; fileRef = 24A0C1CA1F7F7CC0005F0FEC /* JSON.swift */; };
		24A0C1D01F7F811D005F0FEC /* GistFileTest.swift in Sources */ = {isa = PBXBuildFile; fileRef = 24A0C1CF1F7F811D005F0FEC /* GistFileTest.swift */; };
/* End PBXBuildFile section */

/* Begin PBXContainerItemProxy section */
		247AF7201F80DB4C009A401C /* PBXContainerItemProxy */ = {
			isa = PBXContainerItemProxy;
			containerPortal = 24A0C0FD1F7F640F005F0FEC /* Project object */;
			proxyType = 1;
			remoteGlobalIDString = 247AF7171F80DB4C009A401C;
			remoteInfo = GistFileExtensionUI;
		};
		247AF7241F80DB4C009A401C /* PBXContainerItemProxy */ = {
			isa = PBXContainerItemProxy;
			containerPortal = 24A0C0FD1F7F640F005F0FEC /* Project object */;
			proxyType = 1;
			remoteGlobalIDString = 247AF7091F80DB4B009A401C;
			remoteInfo = GistFileExtension;
		};
		24A0C11C1F7F640F005F0FEC /* PBXContainerItemProxy */ = {
			isa = PBXContainerItemProxy;
			containerPortal = 24A0C0FD1F7F640F005F0FEC /* Project object */;
			proxyType = 1;
			remoteGlobalIDString = 24A0C1041F7F640F005F0FEC;
			remoteInfo = Gistan;
		};
		24A0C1271F7F640F005F0FEC /* PBXContainerItemProxy */ = {
			isa = PBXContainerItemProxy;
			containerPortal = 24A0C0FD1F7F640F005F0FEC /* Project object */;
			proxyType = 1;
			remoteGlobalIDString = 24A0C1041F7F640F005F0FEC;
			remoteInfo = Gistan;
		};
/* End PBXContainerItemProxy section */

/* Begin PBXCopyFilesBuildPhase section */
		247AF7221F80DB4C009A401C /* Embed App Extensions */ = {
			isa = PBXCopyFilesBuildPhase;
			buildActionMask = 2147483647;
			dstPath = "";
			dstSubfolderSpec = 13;
			files = (
				247AF7231F80DB4C009A401C /* GistFileExtensionUI.appex in Embed App Extensions */,
				247AF7261F80DB4C009A401C /* GistFileExtension.appex in Embed App Extensions */,
			);
			name = "Embed App Extensions";
			runOnlyForDeploymentPostprocessing = 0;
		};
/* End PBXCopyFilesBuildPhase section */

/* Begin PBXFileReference section */
		2438392B1F80890300621D85 /* GitHubAPI.swift */ = {isa = PBXFileReference; lastKnownFileType = sourcecode.swift; path = GitHubAPI.swift; sourceTree = "<group>"; };
		2438392D1F808A8F00621D85 /* GitHubClientTest.swift */ = {isa = PBXFileReference; lastKnownFileType = sourcecode.swift; path = GitHubClientTest.swift; sourceTree = "<group>"; };
		2438392F1F80C62E00621D85 /* FollowingsGistsTableTableViewController.swift */ = {isa = PBXFileReference; lastKnownFileType = sourcecode.swift; path = FollowingsGistsTableTableViewController.swift; sourceTree = "<group>"; };
		247AF70A1F80DB4B009A401C /* GistFileExtension.appex */ = {isa = PBXFileReference; explicitFileType = "wrapper.app-extension"; includeInIndex = 0; path = GistFileExtension.appex; sourceTree = BUILT_PRODUCTS_DIR; };
		247AF70C1F80DB4B009A401C /* FileProviderExtension.swift */ = {isa = PBXFileReference; lastKnownFileType = sourcecode.swift; path = FileProviderExtension.swift; sourceTree = "<group>"; };
		247AF70E1F80DB4B009A401C /* FileProviderItem.swift */ = {isa = PBXFileReference; lastKnownFileType = sourcecode.swift; path = FileProviderItem.swift; sourceTree = "<group>"; };
		247AF7101F80DB4B009A401C /* FileProviderEnumerator.swift */ = {isa = PBXFileReference; lastKnownFileType = sourcecode.swift; path = FileProviderEnumerator.swift; sourceTree = "<group>"; };
		247AF7121F80DB4B009A401C /* Info.plist */ = {isa = PBXFileReference; lastKnownFileType = text.plist.xml; path = Info.plist; sourceTree = "<group>"; };
		247AF7131F80DB4C009A401C /* GistFileExtension.entitlements */ = {isa = PBXFileReference; lastKnownFileType = text.plist.entitlements; path = GistFileExtension.entitlements; sourceTree = "<group>"; };
		247AF7181F80DB4C009A401C /* GistFileExtensionUI.appex */ = {isa = PBXFileReference; explicitFileType = "wrapper.app-extension"; includeInIndex = 0; path = GistFileExtensionUI.appex; sourceTree = BUILT_PRODUCTS_DIR; };
		247AF71A1F80DB4C009A401C /* DocumentActionViewController.swift */ = {isa = PBXFileReference; lastKnownFileType = sourcecode.swift; path = DocumentActionViewController.swift; sourceTree = "<group>"; };
		247AF71D1F80DB4C009A401C /* Base */ = {isa = PBXFileReference; lastKnownFileType = file.storyboard; name = Base; path = Base.lproj/MainInterface.storyboard; sourceTree = "<group>"; };
		247AF71F1F80DB4C009A401C /* Info.plist */ = {isa = PBXFileReference; lastKnownFileType = text.plist.xml; path = Info.plist; sourceTree = "<group>"; };
		247AF73A1F825057009A401C /* GistItemCell.xib */ = {isa = PBXFileReference; lastKnownFileType = file.xib; path = GistItemCell.xib; sourceTree = "<group>"; };
		247AF73C1F825189009A401C /* GistItemTableViewCell.swift */ = {isa = PBXFileReference; lastKnownFileType = sourcecode.swift; path = GistItemTableViewCell.swift; sourceTree = "<group>"; };
		247AF73F1F827036009A401C /* Checkouts */ = {isa = PBXFileReference; lastKnownFileType = folder; name = Checkouts; path = Carthage/Checkouts; sourceTree = "<group>"; };
		247AF7411F827040009A401C /* Carthage */ = {isa = PBXFileReference; lastKnownFileType = folder; path = Carthage; sourceTree = "<group>"; };
		247AF7431F82705C009A401C /* Nuke.framework */ = {isa = PBXFileReference; lastKnownFileType = wrapper.framework; name = Nuke.framework; path = Carthage/Build/iOS/Nuke.framework; sourceTree = "<group>"; };
		247AF7481F827997009A401C /* DateFormatter.extension.swift */ = {isa = PBXFileReference; lastKnownFileType = sourcecode.swift; path = DateFormatter.extension.swift; sourceTree = "<group>"; };
		247AF74D1F83B8A9009A401C /* AccountViewController.swift */ = {isa = PBXFileReference; lastKnownFileType = sourcecode.swift; path = AccountViewController.swift; sourceTree = "<group>"; };
		247AF74F1F83D1D4009A401C /* Log.swift */ = {isa = PBXFileReference; lastKnownFileType = sourcecode.swift; path = Log.swift; sourceTree = "<group>"; };
		24A0C1051F7F640F005F0FEC /* Gistan.app */ = {isa = PBXFileReference; explicitFileType = wrapper.application; includeInIndex = 0; path = Gistan.app; sourceTree = BUILT_PRODUCTS_DIR; };
		24A0C1081F7F640F005F0FEC /* AppDelegate.swift */ = {isa = PBXFileReference; lastKnownFileType = sourcecode.swift; path = AppDelegate.swift; sourceTree = "<group>"; };
		24A0C10A1F7F640F005F0FEC /* FirstViewController.swift */ = {isa = PBXFileReference; lastKnownFileType = sourcecode.swift; path = FirstViewController.swift; sourceTree = "<group>"; };
		24A0C10C1F7F640F005F0FEC /* SecondViewController.swift */ = {isa = PBXFileReference; lastKnownFileType = sourcecode.swift; path = SecondViewController.swift; sourceTree = "<group>"; };
		24A0C10F1F7F640F005F0FEC /* Base */ = {isa = PBXFileReference; lastKnownFileType = file.storyboard; name = Base; path = Base.lproj/Main.storyboard; sourceTree = "<group>"; };
		24A0C1111F7F640F005F0FEC /* Assets.xcassets */ = {isa = PBXFileReference; lastKnownFileType = folder.assetcatalog; path = Assets.xcassets; sourceTree = "<group>"; };
		24A0C1141F7F640F005F0FEC /* Base */ = {isa = PBXFileReference; lastKnownFileType = file.storyboard; name = Base; path = Base.lproj/LaunchScreen.storyboard; sourceTree = "<group>"; };
		24A0C1161F7F640F005F0FEC /* Info.plist */ = {isa = PBXFileReference; lastKnownFileType = text.plist.xml; path = Info.plist; sourceTree = "<group>"; };
		24A0C11B1F7F640F005F0FEC /* GistanTests.xctest */ = {isa = PBXFileReference; explicitFileType = wrapper.cfbundle; includeInIndex = 0; path = GistanTests.xctest; sourceTree = BUILT_PRODUCTS_DIR; };
		24A0C11F1F7F640F005F0FEC /* GistanTests.swift */ = {isa = PBXFileReference; lastKnownFileType = sourcecode.swift; path = GistanTests.swift; sourceTree = "<group>"; };
		24A0C1211F7F640F005F0FEC /* Info.plist */ = {isa = PBXFileReference; lastKnownFileType = text.plist.xml; path = Info.plist; sourceTree = "<group>"; };
		24A0C1261F7F640F005F0FEC /* GistanUITests.xctest */ = {isa = PBXFileReference; explicitFileType = wrapper.cfbundle; includeInIndex = 0; path = GistanUITests.xctest; sourceTree = BUILT_PRODUCTS_DIR; };
		24A0C12A1F7F640F005F0FEC /* GistanUITests.swift */ = {isa = PBXFileReference; lastKnownFileType = sourcecode.swift; path = GistanUITests.swift; sourceTree = "<group>"; };
		24A0C12C1F7F640F005F0FEC /* Info.plist */ = {isa = PBXFileReference; lastKnownFileType = text.plist.xml; path = Info.plist; sourceTree = "<group>"; };
		24A0C1391F7F66C8005F0FEC /* MyGistsTableViewController.swift */ = {isa = PBXFileReference; lastKnownFileType = sourcecode.swift; path = MyGistsTableViewController.swift; sourceTree = "<group>"; };
		24A0C1771F7F6A65005F0FEC /* TabBarController.swift */ = {isa = PBXFileReference; lastKnownFileType = sourcecode.swift; path = TabBarController.swift; sourceTree = "<group>"; };
		24A0C17C1F7F6CEA005F0FEC /* GitHubClient.swift */ = {isa = PBXFileReference; lastKnownFileType = sourcecode.swift; path = GitHubClient.swift; sourceTree = "<group>"; };
		24A0C17D1F7F6CF8005F0FEC /* HTTPMethod.swift */ = {isa = PBXFileReference; lastKnownFileType = sourcecode.swift; path = HTTPMethod.swift; sourceTree = "<group>"; };
		24A0C17E1F7F6D00005F0FEC /* GitHubRequest.swift */ = {isa = PBXFileReference; lastKnownFileType = sourcecode.swift; path = GitHubRequest.swift; sourceTree = "<group>"; };
		24A0C17F1F7F6D0D005F0FEC /* Result.swift */ = {isa = PBXFileReference; lastKnownFileType = sourcecode.swift; path = Result.swift; sourceTree = "<group>"; };
		24A0C1801F7F6D21005F0FEC /* GitHubClientError.swift */ = {isa = PBXFileReference; lastKnownFileType = sourcecode.swift; path = GitHubClientError.swift; sourceTree = "<group>"; };
		24A0C1831F7F6D64005F0FEC /* JSONDecodeError.swift */ = {isa = PBXFileReference; lastKnownFileType = sourcecode.swift; path = JSONDecodeError.swift; sourceTree = "<group>"; };
		24A0C1891F7F6DA3005F0FEC /* User.swift */ = {isa = PBXFileReference; lastKnownFileType = sourcecode.swift; path = User.swift; sourceTree = "<group>"; };
		24A0C1951F7F6E34005F0FEC /* GitHubAPIError.swift */ = {isa = PBXFileReference; lastKnownFileType = sourcecode.swift; path = GitHubAPIError.swift; sourceTree = "<group>"; };
		24A0C1991F7F6FD7005F0FEC /* GistItem.swift */ = {isa = PBXFileReference; lastKnownFileType = sourcecode.swift; path = GistItem.swift; sourceTree = "<group>"; };
		24A0C19B1F7F7081005F0FEC /* GistFile.swift */ = {isa = PBXFileReference; lastKnownFileType = sourcecode.swift; path = GistFile.swift; sourceTree = "<group>"; };
		24A0C1CA1F7F7CC0005F0FEC /* JSON.swift */ = {isa = PBXFileReference; lastKnownFileType = sourcecode.swift; path = JSON.swift; sourceTree = "<group>"; };
		24A0C1CF1F7F811D005F0FEC /* GistFileTest.swift */ = {isa = PBXFileReference; lastKnownFileType = sourcecode.swift; path = GistFileTest.swift; sourceTree = "<group>"; };
/* End PBXFileReference section */

/* Begin PBXFrameworksBuildPhase section */
		247AF7071F80DB4B009A401C /* Frameworks */ = {
			isa = PBXFrameworksBuildPhase;
			buildActionMask = 2147483647;
			files = (
			);
			runOnlyForDeploymentPostprocessing = 0;
		};
		247AF7151F80DB4C009A401C /* Frameworks */ = {
			isa = PBXFrameworksBuildPhase;
			buildActionMask = 2147483647;
			files = (
				247AF7441F82705C009A401C /* Nuke.framework in Frameworks */,
			);
			runOnlyForDeploymentPostprocessing = 0;
		};
		24A0C1021F7F640F005F0FEC /* Frameworks */ = {
			isa = PBXFrameworksBuildPhase;
			buildActionMask = 2147483647;
			files = (
				247AF7471F8271F9009A401C /* Nuke.framework in Frameworks */,
			);
			runOnlyForDeploymentPostprocessing = 0;
		};
		24A0C1181F7F640F005F0FEC /* Frameworks */ = {
			isa = PBXFrameworksBuildPhase;
			buildActionMask = 2147483647;
			files = (
			);
			runOnlyForDeploymentPostprocessing = 0;
		};
		24A0C1231F7F640F005F0FEC /* Frameworks */ = {
			isa = PBXFrameworksBuildPhase;
			buildActionMask = 2147483647;
			files = (
			);
			runOnlyForDeploymentPostprocessing = 0;
		};
/* End PBXFrameworksBuildPhase section */

/* Begin PBXGroup section */
		247AF70B1F80DB4B009A401C /* GistFileExtension */ = {
			isa = PBXGroup;
			children = (
				247AF70C1F80DB4B009A401C /* FileProviderExtension.swift */,
				247AF70E1F80DB4B009A401C /* FileProviderItem.swift */,
				247AF7101F80DB4B009A401C /* FileProviderEnumerator.swift */,
				247AF7121F80DB4B009A401C /* Info.plist */,
				247AF7131F80DB4C009A401C /* GistFileExtension.entitlements */,
			);
			path = GistFileExtension;
			sourceTree = "<group>";
		};
		247AF7191F80DB4C009A401C /* GistFileExtensionUI */ = {
			isa = PBXGroup;
			children = (
				247AF71A1F80DB4C009A401C /* DocumentActionViewController.swift */,
				247AF71C1F80DB4C009A401C /* MainInterface.storyboard */,
				247AF71F1F80DB4C009A401C /* Info.plist */,
			);
			path = GistFileExtensionUI;
			sourceTree = "<group>";
		};
		247AF7391F824F9A009A401C /* View */ = {
			isa = PBXGroup;
			children = (
				247AF73A1F825057009A401C /* GistItemCell.xib */,
				247AF73C1F825189009A401C /* GistItemTableViewCell.swift */,
			);
			path = View;
			sourceTree = "<group>";
		};
		247AF73E1F827035009A401C /* Frameworks */ = {
			isa = PBXGroup;
			children = (
				247AF7431F82705C009A401C /* Nuke.framework */,
				247AF7411F827040009A401C /* Carthage */,
				247AF73F1F827036009A401C /* Checkouts */,
			);
			name = Frameworks;
			sourceTree = "<group>";
		};
		24A0C0FC1F7F640F005F0FEC = {
			isa = PBXGroup;
			children = (
				24A0C1071F7F640F005F0FEC /* Gistan */,
				24A0C11E1F7F640F005F0FEC /* GistanTests */,
				24A0C1291F7F640F005F0FEC /* GistanUITests */,
				247AF70B1F80DB4B009A401C /* GistFileExtension */,
				247AF7191F80DB4C009A401C /* GistFileExtensionUI */,
				24A0C1061F7F640F005F0FEC /* Products */,
				247AF73E1F827035009A401C /* Frameworks */,
			);
			sourceTree = "<group>";
		};
		24A0C1061F7F640F005F0FEC /* Products */ = {
			isa = PBXGroup;
			children = (
				24A0C1051F7F640F005F0FEC /* Gistan.app */,
				24A0C11B1F7F640F005F0FEC /* GistanTests.xctest */,
				24A0C1261F7F640F005F0FEC /* GistanUITests.xctest */,
				247AF70A1F80DB4B009A401C /* GistFileExtension.appex */,
				247AF7181F80DB4C009A401C /* GistFileExtensionUI.appex */,
			);
			name = Products;
			sourceTree = "<group>";
		};
		24A0C1071F7F640F005F0FEC /* Gistan */ = {
			isa = PBXGroup;
			children = (
				247AF7391F824F9A009A401C /* View */,
				24A0C1811F7F6D4D005F0FEC /* Core */,
				24A0C17B1F7F6CB9005F0FEC /* APIClient */,
				24A0C1381F7F668F005F0FEC /* Controller */,
				24A0C1081F7F640F005F0FEC /* AppDelegate.swift */,
				24A0C10A1F7F640F005F0FEC /* FirstViewController.swift */,
				24A0C10C1F7F640F005F0FEC /* SecondViewController.swift */,
				24A0C10E1F7F640F005F0FEC /* Main.storyboard */,
				24A0C1111F7F640F005F0FEC /* Assets.xcassets */,
				24A0C1131F7F640F005F0FEC /* LaunchScreen.storyboard */,
				24A0C1161F7F640F005F0FEC /* Info.plist */,
			);
			path = Gistan;
			sourceTree = "<group>";
		};
		24A0C11E1F7F640F005F0FEC /* GistanTests */ = {
			isa = PBXGroup;
			children = (
				24A0C11F1F7F640F005F0FEC /* GistanTests.swift */,
				24A0C1CC1F7F80D7005F0FEC /* APIClient */,
				24A0C1211F7F640F005F0FEC /* Info.plist */,
			);
			path = GistanTests;
			sourceTree = "<group>";
		};
		24A0C1291F7F640F005F0FEC /* GistanUITests */ = {
			isa = PBXGroup;
			children = (
				24A0C12A1F7F640F005F0FEC /* GistanUITests.swift */,
				24A0C12C1F7F640F005F0FEC /* Info.plist */,
			);
			path = GistanUITests;
			sourceTree = "<group>";
		};
		24A0C1381F7F668F005F0FEC /* Controller */ = {
			isa = PBXGroup;
			children = (
				24A0C1391F7F66C8005F0FEC /* MyGistsTableViewController.swift */,
				24A0C1771F7F6A65005F0FEC /* TabBarController.swift */,
				2438392F1F80C62E00621D85 /* FollowingsGistsTableTableViewController.swift */,
				247AF74D1F83B8A9009A401C /* AccountViewController.swift */,
			);
			path = Controller;
			sourceTree = "<group>";
		};
		24A0C1791F7F6C7C005F0FEC /* GitHub */ = {
			isa = PBXGroup;
			children = (
				24A0C1861F7F6D99005F0FEC /* Response */,
				24A0C1951F7F6E34005F0FEC /* GitHubAPIError.swift */,
				24A0C1801F7F6D21005F0FEC /* GitHubClientError.swift */,
				24A0C17E1F7F6D00005F0FEC /* GitHubRequest.swift */,
				24A0C17C1F7F6CEA005F0FEC /* GitHubClient.swift */,
				2438392B1F80890300621D85 /* GitHubAPI.swift */,
			);
			path = GitHub;
			sourceTree = "<group>";
		};
		24A0C17B1F7F6CB9005F0FEC /* APIClient */ = {
			isa = PBXGroup;
			children = (
				24A0C17F1F7F6D0D005F0FEC /* Result.swift */,
				24A0C17D1F7F6CF8005F0FEC /* HTTPMethod.swift */,
				24A0C1791F7F6C7C005F0FEC /* GitHub */,
			);
			path = APIClient;
			sourceTree = "<group>";
		};
		24A0C1811F7F6D4D005F0FEC /* Core */ = {
			isa = PBXGroup;
			children = (
				24A0C1831F7F6D64005F0FEC /* JSONDecodeError.swift */,
				24A0C1CA1F7F7CC0005F0FEC /* JSON.swift */,
				247AF7481F827997009A401C /* DateFormatter.extension.swift */,
				247AF74F1F83D1D4009A401C /* Log.swift */,
			);
			path = Core;
			sourceTree = "<group>";
		};
		24A0C1861F7F6D99005F0FEC /* Response */ = {
			isa = PBXGroup;
			children = (
				24A0C1891F7F6DA3005F0FEC /* User.swift */,
				24A0C1991F7F6FD7005F0FEC /* GistItem.swift */,
				24A0C19B1F7F7081005F0FEC /* GistFile.swift */,
			);
			path = Response;
			sourceTree = "<group>";
		};
		24A0C1CC1F7F80D7005F0FEC /* APIClient */ = {
			isa = PBXGroup;
			children = (
				24A0C1CD1F7F80E4005F0FEC /* GitHub */,
			);
			path = APIClient;
			sourceTree = "<group>";
		};
		24A0C1CD1F7F80E4005F0FEC /* GitHub */ = {
			isa = PBXGroup;
			children = (
				24A0C1CE1F7F80EA005F0FEC /* Response */,
				2438392D1F808A8F00621D85 /* GitHubClientTest.swift */,
			);
			path = GitHub;
			sourceTree = "<group>";
		};
		24A0C1CE1F7F80EA005F0FEC /* Response */ = {
			isa = PBXGroup;
			children = (
				24A0C1CF1F7F811D005F0FEC /* GistFileTest.swift */,
			);
			path = Response;
			sourceTree = "<group>";
		};
/* End PBXGroup section */

/* Begin PBXNativeTarget section */
		247AF7091F80DB4B009A401C /* GistFileExtension */ = {
			isa = PBXNativeTarget;
			buildConfigurationList = 247AF72C1F80DB4C009A401C /* Build configuration list for PBXNativeTarget "GistFileExtension" */;
			buildPhases = (
				247AF7061F80DB4B009A401C /* Sources */,
				247AF7071F80DB4B009A401C /* Frameworks */,
				247AF7081F80DB4B009A401C /* Resources */,
			);
			buildRules = (
			);
			dependencies = (
			);
			name = GistFileExtension;
			productName = GistFileExtension;
			productReference = 247AF70A1F80DB4B009A401C /* GistFileExtension.appex */;
			productType = "com.apple.product-type.app-extension";
		};
		247AF7171F80DB4C009A401C /* GistFileExtensionUI */ = {
			isa = PBXNativeTarget;
			buildConfigurationList = 247AF72B1F80DB4C009A401C /* Build configuration list for PBXNativeTarget "GistFileExtensionUI" */;
			buildPhases = (
				247AF7141F80DB4C009A401C /* Sources */,
				247AF7151F80DB4C009A401C /* Frameworks */,
				247AF7161F80DB4C009A401C /* Resources */,
			);
			buildRules = (
			);
			dependencies = (
			);
			name = GistFileExtensionUI;
			productName = GistFileExtensionUI;
			productReference = 247AF7181F80DB4C009A401C /* GistFileExtensionUI.appex */;
			productType = "com.apple.product-type.app-extension";
		};
		24A0C1041F7F640F005F0FEC /* Gistan */ = {
			isa = PBXNativeTarget;
			buildConfigurationList = 24A0C12F1F7F640F005F0FEC /* Build configuration list for PBXNativeTarget "Gistan" */;
			buildPhases = (
				244AB1391F7F967F00138DA6 /* SwiftLint */,
				24A0C1011F7F640F005F0FEC /* Sources */,
				24A0C1021F7F640F005F0FEC /* Frameworks */,
				24A0C1031F7F640F005F0FEC /* Resources */,
				247AF7221F80DB4C009A401C /* Embed App Extensions */,
				247AF7461F82707B009A401C /* ShellScript */,
			);
			buildRules = (
			);
			dependencies = (
				247AF7211F80DB4C009A401C /* PBXTargetDependency */,
				247AF7251F80DB4C009A401C /* PBXTargetDependency */,
			);
			name = Gistan;
			productName = Gistan;
			productReference = 24A0C1051F7F640F005F0FEC /* Gistan.app */;
			productType = "com.apple.product-type.application";
		};
		24A0C11A1F7F640F005F0FEC /* GistanTests */ = {
			isa = PBXNativeTarget;
			buildConfigurationList = 24A0C1321F7F640F005F0FEC /* Build configuration list for PBXNativeTarget "GistanTests" */;
			buildPhases = (
				24A0C1171F7F640F005F0FEC /* Sources */,
				24A0C1181F7F640F005F0FEC /* Frameworks */,
				24A0C1191F7F640F005F0FEC /* Resources */,
			);
			buildRules = (
			);
			dependencies = (
				24A0C11D1F7F640F005F0FEC /* PBXTargetDependency */,
			);
			name = GistanTests;
			productName = GistanTests;
			productReference = 24A0C11B1F7F640F005F0FEC /* GistanTests.xctest */;
			productType = "com.apple.product-type.bundle.unit-test";
		};
		24A0C1251F7F640F005F0FEC /* GistanUITests */ = {
			isa = PBXNativeTarget;
			buildConfigurationList = 24A0C1351F7F640F005F0FEC /* Build configuration list for PBXNativeTarget "GistanUITests" */;
			buildPhases = (
				24A0C1221F7F640F005F0FEC /* Sources */,
				24A0C1231F7F640F005F0FEC /* Frameworks */,
				24A0C1241F7F640F005F0FEC /* Resources */,
			);
			buildRules = (
			);
			dependencies = (
				24A0C1281F7F640F005F0FEC /* PBXTargetDependency */,
			);
			name = GistanUITests;
			productName = GistanUITests;
			productReference = 24A0C1261F7F640F005F0FEC /* GistanUITests.xctest */;
			productType = "com.apple.product-type.bundle.ui-testing";
		};
/* End PBXNativeTarget section */

/* Begin PBXProject section */
		24A0C0FD1F7F640F005F0FEC /* Project object */ = {
			isa = PBXProject;
			attributes = {
				LastSwiftUpdateCheck = 0900;
				LastUpgradeCheck = 0900;
				ORGANIZATIONNAME = miso;
				TargetAttributes = {
					247AF7091F80DB4B009A401C = {
						CreatedOnToolsVersion = 9.0;
						ProvisioningStyle = Automatic;
					};
					247AF7171F80DB4C009A401C = {
						CreatedOnToolsVersion = 9.0;
						ProvisioningStyle = Automatic;
					};
					24A0C1041F7F640F005F0FEC = {
						CreatedOnToolsVersion = 9.0;
						ProvisioningStyle = Automatic;
					};
					24A0C11A1F7F640F005F0FEC = {
						CreatedOnToolsVersion = 9.0;
						ProvisioningStyle = Automatic;
						TestTargetID = 24A0C1041F7F640F005F0FEC;
					};
					24A0C1251F7F640F005F0FEC = {
						CreatedOnToolsVersion = 9.0;
						ProvisioningStyle = Automatic;
						TestTargetID = 24A0C1041F7F640F005F0FEC;
					};
				};
			};
			buildConfigurationList = 24A0C1001F7F640F005F0FEC /* Build configuration list for PBXProject "Gistan" */;
			compatibilityVersion = "Xcode 8.0";
			developmentRegion = en;
			hasScannedForEncodings = 0;
			knownRegions = (
				en,
				Base,
			);
			mainGroup = 24A0C0FC1F7F640F005F0FEC;
			productRefGroup = 24A0C1061F7F640F005F0FEC /* Products */;
			projectDirPath = "";
			projectRoot = "";
			targets = (
				24A0C1041F7F640F005F0FEC /* Gistan */,
				24A0C11A1F7F640F005F0FEC /* GistanTests */,
				24A0C1251F7F640F005F0FEC /* GistanUITests */,
				247AF7091F80DB4B009A401C /* GistFileExtension */,
				247AF7171F80DB4C009A401C /* GistFileExtensionUI */,
			);
		};
/* End PBXProject section */

/* Begin PBXResourcesBuildPhase section */
		247AF7081F80DB4B009A401C /* Resources */ = {
			isa = PBXResourcesBuildPhase;
			buildActionMask = 2147483647;
			files = (
			);
			runOnlyForDeploymentPostprocessing = 0;
		};
		247AF7161F80DB4C009A401C /* Resources */ = {
			isa = PBXResourcesBuildPhase;
			buildActionMask = 2147483647;
			files = (
				247AF71E1F80DB4C009A401C /* MainInterface.storyboard in Resources */,
			);
			runOnlyForDeploymentPostprocessing = 0;
		};
		24A0C1031F7F640F005F0FEC /* Resources */ = {
			isa = PBXResourcesBuildPhase;
			buildActionMask = 2147483647;
			files = (
				24A0C1151F7F640F005F0FEC /* LaunchScreen.storyboard in Resources */,
				24A0C1121F7F640F005F0FEC /* Assets.xcassets in Resources */,
				24A0C1101F7F640F005F0FEC /* Main.storyboard in Resources */,
				247AF73B1F825057009A401C /* GistItemCell.xib in Resources */,
			);
			runOnlyForDeploymentPostprocessing = 0;
		};
		24A0C1191F7F640F005F0FEC /* Resources */ = {
			isa = PBXResourcesBuildPhase;
			buildActionMask = 2147483647;
			files = (
			);
			runOnlyForDeploymentPostprocessing = 0;
		};
		24A0C1241F7F640F005F0FEC /* Resources */ = {
			isa = PBXResourcesBuildPhase;
			buildActionMask = 2147483647;
			files = (
			);
			runOnlyForDeploymentPostprocessing = 0;
		};
/* End PBXResourcesBuildPhase section */

/* Begin PBXShellScriptBuildPhase section */
		244AB1391F7F967F00138DA6 /* SwiftLint */ = {
			isa = PBXShellScriptBuildPhase;
			buildActionMask = 2147483647;
			files = (
			);
			inputPaths = (
			);
			name = SwiftLint;
			outputPaths = (
			);
			runOnlyForDeploymentPostprocessing = 0;
			shellPath = /bin/sh;
			shellScript = "if which swiftlint >/dev/null; then\nswiftlint autocorrect\nelse\necho \"SwiftLint does not exist, download from https://github.com/realm/SwiftLint\"\nfi";
		};
		247AF7461F82707B009A401C /* ShellScript */ = {
			isa = PBXShellScriptBuildPhase;
			buildActionMask = 2147483647;
			files = (
			);
			inputPaths = (
				"$(SRCROOT)/Carthage/Build/iOS/Nuke.framework",
			);
			outputPaths = (
			);
			runOnlyForDeploymentPostprocessing = 0;
			shellPath = /bin/sh;
			shellScript = "/usr/local/bin/carthage copy-frameworks";
		};
/* End PBXShellScriptBuildPhase section */

/* Begin PBXSourcesBuildPhase section */
		247AF7061F80DB4B009A401C /* Sources */ = {
			isa = PBXSourcesBuildPhase;
			buildActionMask = 2147483647;
			files = (
				247AF72F1F80E015009A401C /* GistFile.swift in Sources */,
				247AF7301F80E015009A401C /* GitHubAPIError.swift in Sources */,
				247AF70D1F80DB4B009A401C /* FileProviderExtension.swift in Sources */,
				247AF70F1F80DB4B009A401C /* FileProviderItem.swift in Sources */,
				247AF7111F80DB4B009A401C /* FileProviderEnumerator.swift in Sources */,
				247AF74A1F8279CF009A401C /* DateFormatter.extension.swift in Sources */,
				247AF7331F80E015009A401C /* GitHubClient.swift in Sources */,
				247AF7381F80E046009A401C /* JSON.swift in Sources */,
				247AF7371F80E046009A401C /* JSONDecodeError.swift in Sources */,
				247AF7351F80E02B009A401C /* Result.swift in Sources */,
				247AF72E1F80E015009A401C /* User.swift in Sources */,
				247AF7311F80E015009A401C /* GitHubClientError.swift in Sources */,
				247AF7321F80E015009A401C /* GitHubRequest.swift in Sources */,
				247AF7361F80E02B009A401C /* HTTPMethod.swift in Sources */,
				247AF7341F80E015009A401C /* GitHubAPI.swift in Sources */,
				247AF72D1F80DFF5009A401C /* GistItem.swift in Sources */,
			);
			runOnlyForDeploymentPostprocessing = 0;
		};
		247AF7141F80DB4C009A401C /* Sources */ = {
			isa = PBXSourcesBuildPhase;
			buildActionMask = 2147483647;
			files = (
				247AF71B1F80DB4C009A401C /* DocumentActionViewController.swift in Sources */,
			);
			runOnlyForDeploymentPostprocessing = 0;
		};
		24A0C1011F7F640F005F0FEC /* Sources */ = {
			isa = PBXSourcesBuildPhase;
			buildActionMask = 2147483647;
			files = (
				247AF73D1F825189009A401C /* GistItemTableViewCell.swift in Sources */,
				24A0C19C1F7F7081005F0FEC /* GistFile.swift in Sources */,
				247AF7501F83D1D4009A401C /* Log.swift in Sources */,
				247AF74E1F83B8A9009A401C /* AccountViewController.swift in Sources */,
				24A0C1931F7F6E0B005F0FEC /* GitHubClient.swift in Sources */,
				24A0C13A1F7F66C8005F0FEC /* MyGistsTableViewController.swift in Sources */,
				24A0C10D1F7F640F005F0FEC /* SecondViewController.swift in Sources */,
				24A0C1091F7F640F005F0FEC /* AppDelegate.swift in Sources */,
				2438392C1F80890300621D85 /* GitHubAPI.swift in Sources */,
				24A0C1911F7F6E04005F0FEC /* GitHubClientError.swift in Sources */,
				24A0C19A1F7F6FD7005F0FEC /* GistItem.swift in Sources */,
				24A0C1961F7F6E34005F0FEC /* GitHubAPIError.swift in Sources */,
				24A0C1921F7F6E0B005F0FEC /* GitHubRequest.swift in Sources */,
				24A0C1781F7F6A65005F0FEC /* TabBarController.swift in Sources */,
				24A0C1CB1F7F7CC0005F0FEC /* JSON.swift in Sources */,
				247AF7491F827997009A401C /* DateFormatter.extension.swift in Sources */,
				24A0C18D1F7F6DFB005F0FEC /* HTTPMethod.swift in Sources */,
				24A0C1901F7F6E02005F0FEC /* User.swift in Sources */,
				24A0C10B1F7F640F005F0FEC /* FirstViewController.swift in Sources */,
				243839301F80C62E00621D85 /* FollowingsGistsTableTableViewController.swift in Sources */,
				24A0C18C1F7F6DF9005F0FEC /* Result.swift in Sources */,
				24A0C18B1F7F6DF5005F0FEC /* JSONDecodeError.swift in Sources */,
			);
			runOnlyForDeploymentPostprocessing = 0;
		};
		24A0C1171F7F640F005F0FEC /* Sources */ = {
			isa = PBXSourcesBuildPhase;
			buildActionMask = 2147483647;
			files = (
				2438392E1F808A8F00621D85 /* GitHubClientTest.swift in Sources */,
				24A0C1D01F7F811D005F0FEC /* GistFileTest.swift in Sources */,
				24A0C1201F7F640F005F0FEC /* GistanTests.swift in Sources */,
			);
			runOnlyForDeploymentPostprocessing = 0;
		};
		24A0C1221F7F640F005F0FEC /* Sources */ = {
			isa = PBXSourcesBuildPhase;
			buildActionMask = 2147483647;
			files = (
				24A0C12B1F7F640F005F0FEC /* GistanUITests.swift in Sources */,
			);
			runOnlyForDeploymentPostprocessing = 0;
		};
/* End PBXSourcesBuildPhase section */

/* Begin PBXTargetDependency section */
		247AF7211F80DB4C009A401C /* PBXTargetDependency */ = {
			isa = PBXTargetDependency;
			target = 247AF7171F80DB4C009A401C /* GistFileExtensionUI */;
			targetProxy = 247AF7201F80DB4C009A401C /* PBXContainerItemProxy */;
		};
		247AF7251F80DB4C009A401C /* PBXTargetDependency */ = {
			isa = PBXTargetDependency;
			target = 247AF7091F80DB4B009A401C /* GistFileExtension */;
			targetProxy = 247AF7241F80DB4C009A401C /* PBXContainerItemProxy */;
		};
		24A0C11D1F7F640F005F0FEC /* PBXTargetDependency */ = {
			isa = PBXTargetDependency;
			target = 24A0C1041F7F640F005F0FEC /* Gistan */;
			targetProxy = 24A0C11C1F7F640F005F0FEC /* PBXContainerItemProxy */;
		};
		24A0C1281F7F640F005F0FEC /* PBXTargetDependency */ = {
			isa = PBXTargetDependency;
			target = 24A0C1041F7F640F005F0FEC /* Gistan */;
			targetProxy = 24A0C1271F7F640F005F0FEC /* PBXContainerItemProxy */;
		};
/* End PBXTargetDependency section */

/* Begin PBXVariantGroup section */
		247AF71C1F80DB4C009A401C /* MainInterface.storyboard */ = {
			isa = PBXVariantGroup;
			children = (
				247AF71D1F80DB4C009A401C /* Base */,
			);
			name = MainInterface.storyboard;
			sourceTree = "<group>";
		};
		24A0C10E1F7F640F005F0FEC /* Main.storyboard */ = {
			isa = PBXVariantGroup;
			children = (
				24A0C10F1F7F640F005F0FEC /* Base */,
			);
			name = Main.storyboard;
			sourceTree = "<group>";
		};
		24A0C1131F7F640F005F0FEC /* LaunchScreen.storyboard */ = {
			isa = PBXVariantGroup;
			children = (
				24A0C1141F7F640F005F0FEC /* Base */,
			);
			name = LaunchScreen.storyboard;
			sourceTree = "<group>";
		};
/* End PBXVariantGroup section */

/* Begin XCBuildConfiguration section */
		247AF7271F80DB4C009A401C /* Debug */ = {
			isa = XCBuildConfiguration;
			buildSettings = {
				CODE_SIGN_ENTITLEMENTS = GistFileExtension/GistFileExtension.entitlements;
				CODE_SIGN_STYLE = Automatic;
				DEVELOPMENT_TEAM = A2X2UZ7AEE;
				INFOPLIST_FILE = GistFileExtension/Info.plist;
				LD_RUNPATH_SEARCH_PATHS = "$(inherited) @executable_path/Frameworks @executable_path/../../Frameworks";
				PRODUCT_BUNDLE_IDENTIFIER = com.miso.Gistan.GistFileExtension;
				PRODUCT_NAME = "$(TARGET_NAME)";
				SKIP_INSTALL = YES;
				SWIFT_VERSION = 4.0;
				TARGETED_DEVICE_FAMILY = "1,2";
			};
			name = Debug;
		};
		247AF7281F80DB4C009A401C /* Release */ = {
			isa = XCBuildConfiguration;
			buildSettings = {
				CODE_SIGN_ENTITLEMENTS = GistFileExtension/GistFileExtension.entitlements;
				CODE_SIGN_STYLE = Automatic;
				DEVELOPMENT_TEAM = A2X2UZ7AEE;
				INFOPLIST_FILE = GistFileExtension/Info.plist;
				LD_RUNPATH_SEARCH_PATHS = "$(inherited) @executable_path/Frameworks @executable_path/../../Frameworks";
				PRODUCT_BUNDLE_IDENTIFIER = com.miso.Gistan.GistFileExtension;
				PRODUCT_NAME = "$(TARGET_NAME)";
				SKIP_INSTALL = YES;
				SWIFT_VERSION = 4.0;
				TARGETED_DEVICE_FAMILY = "1,2";
			};
			name = Release;
		};
		247AF7291F80DB4C009A401C /* Debug */ = {
			isa = XCBuildConfiguration;
			buildSettings = {
				CODE_SIGN_STYLE = Automatic;
				DEVELOPMENT_TEAM = A2X2UZ7AEE;
				FRAMEWORK_SEARCH_PATHS = (
					"$(inherited)",
					"$(PROJECT_DIR)/Carthage/Build/iOS",
				);
				INFOPLIST_FILE = GistFileExtensionUI/Info.plist;
				LD_RUNPATH_SEARCH_PATHS = "$(inherited) @executable_path/Frameworks @executable_path/../../Frameworks";
				PRODUCT_BUNDLE_IDENTIFIER = com.miso.Gistan.GistFileExtensionUI;
				PRODUCT_NAME = "$(TARGET_NAME)";
				SKIP_INSTALL = YES;
				SWIFT_VERSION = 4.0;
				TARGETED_DEVICE_FAMILY = "1,2";
			};
			name = Debug;
		};
		247AF72A1F80DB4C009A401C /* Release */ = {
			isa = XCBuildConfiguration;
			buildSettings = {
				CODE_SIGN_STYLE = Automatic;
				DEVELOPMENT_TEAM = A2X2UZ7AEE;
				FRAMEWORK_SEARCH_PATHS = (
					"$(inherited)",
					"$(PROJECT_DIR)/Carthage/Build/iOS",
				);
				INFOPLIST_FILE = GistFileExtensionUI/Info.plist;
				LD_RUNPATH_SEARCH_PATHS = "$(inherited) @executable_path/Frameworks @executable_path/../../Frameworks";
				PRODUCT_BUNDLE_IDENTIFIER = com.miso.Gistan.GistFileExtensionUI;
				PRODUCT_NAME = "$(TARGET_NAME)";
				SKIP_INSTALL = YES;
				SWIFT_VERSION = 4.0;
				TARGETED_DEVICE_FAMILY = "1,2";
			};
			name = Release;
		};
		24A0C12D1F7F640F005F0FEC /* Debug */ = {
			isa = XCBuildConfiguration;
			buildSettings = {
				ALWAYS_SEARCH_USER_PATHS = NO;
				CLANG_ANALYZER_NONNULL = YES;
				CLANG_ANALYZER_NUMBER_OBJECT_CONVERSION = YES_AGGRESSIVE;
				CLANG_CXX_LANGUAGE_STANDARD = "gnu++14";
				CLANG_CXX_LIBRARY = "libc++";
				CLANG_ENABLE_MODULES = YES;
				CLANG_ENABLE_OBJC_ARC = YES;
				CLANG_WARN_BLOCK_CAPTURE_AUTORELEASING = YES;
				CLANG_WARN_BOOL_CONVERSION = YES;
				CLANG_WARN_COMMA = YES;
				CLANG_WARN_CONSTANT_CONVERSION = YES;
				CLANG_WARN_DIRECT_OBJC_ISA_USAGE = YES_ERROR;
				CLANG_WARN_DOCUMENTATION_COMMENTS = YES;
				CLANG_WARN_EMPTY_BODY = YES;
				CLANG_WARN_ENUM_CONVERSION = YES;
				CLANG_WARN_INFINITE_RECURSION = YES;
				CLANG_WARN_INT_CONVERSION = YES;
				CLANG_WARN_NON_LITERAL_NULL_CONVERSION = YES;
				CLANG_WARN_OBJC_LITERAL_CONVERSION = YES;
				CLANG_WARN_OBJC_ROOT_CLASS = YES_ERROR;
				CLANG_WARN_RANGE_LOOP_ANALYSIS = YES;
				CLANG_WARN_STRICT_PROTOTYPES = YES;
				CLANG_WARN_SUSPICIOUS_MOVE = YES;
				CLANG_WARN_UNGUARDED_AVAILABILITY = YES_AGGRESSIVE;
				CLANG_WARN_UNREACHABLE_CODE = YES;
				CLANG_WARN__DUPLICATE_METHOD_MATCH = YES;
				CODE_SIGN_IDENTITY = "iPhone Developer";
				COPY_PHASE_STRIP = NO;
				DEBUG_INFORMATION_FORMAT = dwarf;
				ENABLE_STRICT_OBJC_MSGSEND = YES;
				ENABLE_TESTABILITY = YES;
				GCC_C_LANGUAGE_STANDARD = gnu11;
				GCC_DYNAMIC_NO_PIC = NO;
				GCC_NO_COMMON_BLOCKS = YES;
				GCC_OPTIMIZATION_LEVEL = 0;
				GCC_PREPROCESSOR_DEFINITIONS = (
					"DEBUG=1",
					"$(inherited)",
				);
				GCC_WARN_64_TO_32_BIT_CONVERSION = YES;
				GCC_WARN_ABOUT_RETURN_TYPE = YES_ERROR;
				GCC_WARN_UNDECLARED_SELECTOR = YES;
				GCC_WARN_UNINITIALIZED_AUTOS = YES_AGGRESSIVE;
				GCC_WARN_UNUSED_FUNCTION = YES;
				GCC_WARN_UNUSED_VARIABLE = YES;
				IPHONEOS_DEPLOYMENT_TARGET = 11.0;
				MTL_ENABLE_DEBUG_INFO = YES;
				ONLY_ACTIVE_ARCH = YES;
				SDKROOT = iphoneos;
				SWIFT_ACTIVE_COMPILATION_CONDITIONS = DEBUG;
				SWIFT_OPTIMIZATION_LEVEL = "-Onone";
			};
			name = Debug;
		};
		24A0C12E1F7F640F005F0FEC /* Release */ = {
			isa = XCBuildConfiguration;
			buildSettings = {
				ALWAYS_SEARCH_USER_PATHS = NO;
				CLANG_ANALYZER_NONNULL = YES;
				CLANG_ANALYZER_NUMBER_OBJECT_CONVERSION = YES_AGGRESSIVE;
				CLANG_CXX_LANGUAGE_STANDARD = "gnu++14";
				CLANG_CXX_LIBRARY = "libc++";
				CLANG_ENABLE_MODULES = YES;
				CLANG_ENABLE_OBJC_ARC = YES;
				CLANG_WARN_BLOCK_CAPTURE_AUTORELEASING = YES;
				CLANG_WARN_BOOL_CONVERSION = YES;
				CLANG_WARN_COMMA = YES;
				CLANG_WARN_CONSTANT_CONVERSION = YES;
				CLANG_WARN_DIRECT_OBJC_ISA_USAGE = YES_ERROR;
				CLANG_WARN_DOCUMENTATION_COMMENTS = YES;
				CLANG_WARN_EMPTY_BODY = YES;
				CLANG_WARN_ENUM_CONVERSION = YES;
				CLANG_WARN_INFINITE_RECURSION = YES;
				CLANG_WARN_INT_CONVERSION = YES;
				CLANG_WARN_NON_LITERAL_NULL_CONVERSION = YES;
				CLANG_WARN_OBJC_LITERAL_CONVERSION = YES;
				CLANG_WARN_OBJC_ROOT_CLASS = YES_ERROR;
				CLANG_WARN_RANGE_LOOP_ANALYSIS = YES;
				CLANG_WARN_STRICT_PROTOTYPES = YES;
				CLANG_WARN_SUSPICIOUS_MOVE = YES;
				CLANG_WARN_UNGUARDED_AVAILABILITY = YES_AGGRESSIVE;
				CLANG_WARN_UNREACHABLE_CODE = YES;
				CLANG_WARN__DUPLICATE_METHOD_MATCH = YES;
				CODE_SIGN_IDENTITY = "iPhone Developer";
				COPY_PHASE_STRIP = NO;
				DEBUG_INFORMATION_FORMAT = "dwarf-with-dsym";
				ENABLE_NS_ASSERTIONS = NO;
				ENABLE_STRICT_OBJC_MSGSEND = YES;
				GCC_C_LANGUAGE_STANDARD = gnu11;
				GCC_NO_COMMON_BLOCKS = YES;
				GCC_WARN_64_TO_32_BIT_CONVERSION = YES;
				GCC_WARN_ABOUT_RETURN_TYPE = YES_ERROR;
				GCC_WARN_UNDECLARED_SELECTOR = YES;
				GCC_WARN_UNINITIALIZED_AUTOS = YES_AGGRESSIVE;
				GCC_WARN_UNUSED_FUNCTION = YES;
				GCC_WARN_UNUSED_VARIABLE = YES;
				IPHONEOS_DEPLOYMENT_TARGET = 11.0;
				MTL_ENABLE_DEBUG_INFO = NO;
				SDKROOT = iphoneos;
				SWIFT_OPTIMIZATION_LEVEL = "-Owholemodule";
				VALIDATE_PRODUCT = YES;
			};
			name = Release;
		};
		24A0C1301F7F640F005F0FEC /* Debug */ = {
			isa = XCBuildConfiguration;
			buildSettings = {
				ALWAYS_EMBED_SWIFT_STANDARD_LIBRARIES = YES;
				ASSETCATALOG_COMPILER_APPICON_NAME = AppIcon;
				CODE_SIGN_STYLE = Automatic;
				DEVELOPMENT_TEAM = A2X2UZ7AEE;
				FRAMEWORK_SEARCH_PATHS = (
					"$(inherited)",
					"$(PROJECT_DIR)/Carthage/Build/iOS",
				);
				INFOPLIST_FILE = Gistan/Info.plist;
				LD_RUNPATH_SEARCH_PATHS = "$(inherited) @executable_path/Frameworks";
				PRODUCT_BUNDLE_IDENTIFIER = com.miso.Gistan;
				PRODUCT_NAME = "$(TARGET_NAME)";
				SWIFT_VERSION = 4.0;
				TARGETED_DEVICE_FAMILY = "1,2";
			};
			name = Debug;
		};
		24A0C1311F7F640F005F0FEC /* Release */ = {
			isa = XCBuildConfiguration;
			buildSettings = {
				ALWAYS_EMBED_SWIFT_STANDARD_LIBRARIES = YES;
				ASSETCATALOG_COMPILER_APPICON_NAME = AppIcon;
				CODE_SIGN_STYLE = Automatic;
				DEVELOPMENT_TEAM = A2X2UZ7AEE;
				FRAMEWORK_SEARCH_PATHS = (
					"$(inherited)",
					"$(PROJECT_DIR)/Carthage/Build/iOS",
				);
				INFOPLIST_FILE = Gistan/Info.plist;
				LD_RUNPATH_SEARCH_PATHS = "$(inherited) @executable_path/Frameworks";
				PRODUCT_BUNDLE_IDENTIFIER = com.miso.Gistan;
				PRODUCT_NAME = "$(TARGET_NAME)";
				SWIFT_VERSION = 4.0;
				TARGETED_DEVICE_FAMILY = "1,2";
			};
			name = Release;
		};
		24A0C1331F7F640F005F0FEC /* Debug */ = {
			isa = XCBuildConfiguration;
			buildSettings = {
				ALWAYS_EMBED_SWIFT_STANDARD_LIBRARIES = YES;
				BUNDLE_LOADER = "$(TEST_HOST)";
				CODE_SIGN_STYLE = Automatic;
				INFOPLIST_FILE = GistanTests/Info.plist;
				LD_RUNPATH_SEARCH_PATHS = "$(inherited) @executable_path/Frameworks @loader_path/Frameworks";
				PRODUCT_BUNDLE_IDENTIFIER = com.example.GistanTests;
				PRODUCT_NAME = "$(TARGET_NAME)";
				SWIFT_VERSION = 4.0;
				TARGETED_DEVICE_FAMILY = "1,2";
				TEST_HOST = "$(BUILT_PRODUCTS_DIR)/Gistan.app/Gistan";
			};
			name = Debug;
		};
		24A0C1341F7F640F005F0FEC /* Release */ = {
			isa = XCBuildConfiguration;
			buildSettings = {
				ALWAYS_EMBED_SWIFT_STANDARD_LIBRARIES = YES;
				BUNDLE_LOADER = "$(TEST_HOST)";
				CODE_SIGN_STYLE = Automatic;
				INFOPLIST_FILE = GistanTests/Info.plist;
				LD_RUNPATH_SEARCH_PATHS = "$(inherited) @executable_path/Frameworks @loader_path/Frameworks";
				PRODUCT_BUNDLE_IDENTIFIER = com.example.GistanTests;
				PRODUCT_NAME = "$(TARGET_NAME)";
				SWIFT_VERSION = 4.0;
				TARGETED_DEVICE_FAMILY = "1,2";
				TEST_HOST = "$(BUILT_PRODUCTS_DIR)/Gistan.app/Gistan";
			};
			name = Release;
		};
		24A0C1361F7F640F005F0FEC /* Debug */ = {
			isa = XCBuildConfiguration;
			buildSettings = {
				ALWAYS_EMBED_SWIFT_STANDARD_LIBRARIES = YES;
				CODE_SIGN_STYLE = Automatic;
				INFOPLIST_FILE = GistanUITests/Info.plist;
				LD_RUNPATH_SEARCH_PATHS = "$(inherited) @executable_path/Frameworks @loader_path/Frameworks";
				PRODUCT_BUNDLE_IDENTIFIER = com.example.GistanUITests;
				PRODUCT_NAME = "$(TARGET_NAME)";
				SWIFT_VERSION = 4.0;
				TARGETED_DEVICE_FAMILY = "1,2";
				TEST_TARGET_NAME = Gistan;
			};
			name = Debug;
		};
		24A0C1371F7F640F005F0FEC /* Release */ = {
			isa = XCBuildConfiguration;
			buildSettings = {
				ALWAYS_EMBED_SWIFT_STANDARD_LIBRARIES = YES;
				CODE_SIGN_STYLE = Automatic;
				INFOPLIST_FILE = GistanUITests/Info.plist;
				LD_RUNPATH_SEARCH_PATHS = "$(inherited) @executable_path/Frameworks @loader_path/Frameworks";
				PRODUCT_BUNDLE_IDENTIFIER = com.example.GistanUITests;
				PRODUCT_NAME = "$(TARGET_NAME)";
				SWIFT_VERSION = 4.0;
				TARGETED_DEVICE_FAMILY = "1,2";
				TEST_TARGET_NAME = Gistan;
			};
			name = Release;
		};
/* End XCBuildConfiguration section */

/* Begin XCConfigurationList section */
		247AF72B1F80DB4C009A401C /* Build configuration list for PBXNativeTarget "GistFileExtensionUI" */ = {
			isa = XCConfigurationList;
			buildConfigurations = (
				247AF7291F80DB4C009A401C /* Debug */,
				247AF72A1F80DB4C009A401C /* Release */,
			);
			defaultConfigurationIsVisible = 0;
			defaultConfigurationName = Release;
		};
		247AF72C1F80DB4C009A401C /* Build configuration list for PBXNativeTarget "GistFileExtension" */ = {
			isa = XCConfigurationList;
			buildConfigurations = (
				247AF7271F80DB4C009A401C /* Debug */,
				247AF7281F80DB4C009A401C /* Release */,
			);
			defaultConfigurationIsVisible = 0;
			defaultConfigurationName = Release;
		};
		24A0C1001F7F640F005F0FEC /* Build configuration list for PBXProject "Gistan" */ = {
			isa = XCConfigurationList;
			buildConfigurations = (
				24A0C12D1F7F640F005F0FEC /* Debug */,
				24A0C12E1F7F640F005F0FEC /* Release */,
			);
			defaultConfigurationIsVisible = 0;
			defaultConfigurationName = Release;
		};
		24A0C12F1F7F640F005F0FEC /* Build configuration list for PBXNativeTarget "Gistan" */ = {
			isa = XCConfigurationList;
			buildConfigurations = (
				24A0C1301F7F640F005F0FEC /* Debug */,
				24A0C1311F7F640F005F0FEC /* Release */,
			);
			defaultConfigurationIsVisible = 0;
			defaultConfigurationName = Release;
		};
		24A0C1321F7F640F005F0FEC /* Build configuration list for PBXNativeTarget "GistanTests" */ = {
			isa = XCConfigurationList;
			buildConfigurations = (
				24A0C1331F7F640F005F0FEC /* Debug */,
				24A0C1341F7F640F005F0FEC /* Release */,
			);
			defaultConfigurationIsVisible = 0;
			defaultConfigurationName = Release;
		};
		24A0C1351F7F640F005F0FEC /* Build configuration list for PBXNativeTarget "GistanUITests" */ = {
			isa = XCConfigurationList;
			buildConfigurations = (
				24A0C1361F7F640F005F0FEC /* Debug */,
				24A0C1371F7F640F005F0FEC /* Release */,
			);
			defaultConfigurationIsVisible = 0;
			defaultConfigurationName = Release;
		};
/* End XCConfigurationList section */
	};
	rootObject = 24A0C0FD1F7F640F005F0FEC /* Project object */;
}
